
Microsoft Visual Studio Solution File, Format Version 12.00
# Visual Studio Version 16
VisualStudioVersion = 16.0.30804.86
MinimumVisualStudioVersion = 10.0.40219.1
Project("{9A19103F-16F7-4668-BE54-9A1E7A4F7556}") = "BlazorApp.Server", "src\BlazorApp.Server\BlazorApp.Server.csproj", "{36030C73-7E00-438E-AC3D-B46D55765E89}"
EndProject
Project("{9A19103F-16F7-4668-BE54-9A1E7A4F7556}") = "BlazorApp.Client", "src\BlazorApp.Client\BlazorApp.Client.csproj", "{0A8E4357-221E-45F9-B793-A4519B3B3B38}"
EndProject
Project("{9A19103F-16F7-4668-BE54-9A1E7A4F7556}") = "BlazorApp.Shared", "src\BlazorApp.Shared\BlazorApp.Shared.csproj", "{403B7B36-D600-494F-9EE9-6C832491A97A}"
EndProject
Project("{2150E333-8FDC-42A3-9474-1A3956D46DE8}") = "Solution Items", "Solution Items", "{860DB946-44D0-43C2-AF2B-64708A94B8D6}"
	ProjectSection(SolutionItems) = preProject
		.editorconfig = .editorconfig
	EndProjectSection
EndProject
Global
	GlobalSection(SolutionConfigurationPlatforms) = preSolution
		Debug|Any CPU = Debug|Any CPU
		Release|Any CPU = Release|Any CPU
	EndGlobalSection
	GlobalSection(ProjectConfigurationPlatforms) = postSolution
		{36030C73-7E00-438E-AC3D-B46D55765E89}.Debug|Any CPU.ActiveCfg = Debug|Any CPU
		{36030C73-7E00-438E-AC3D-B46D55765E89}.Debug|Any CPU.Build.0 = Debug|Any CPU
		{36030C73-7E00-438E-AC3D-B46D55765E89}.Release|Any CPU.ActiveCfg = Release|Any CPU
		{36030C73-7E00-438E-AC3D-B46D55765E89}.Release|Any CPU.Build.0 = Release|Any CPU
		{0A8E4357-221E-45F9-B793-A4519B3B3B38}.Debug|Any CPU.ActiveCfg = Debug|Any CPU
		{0A8E4357-221E-45F9-B793-A4519B3B3B38}.Debug|Any CPU.Build.0 = Debug|Any CPU
		{0A8E4357-221E-45F9-B793-A4519B3B3B38}.Release|Any CPU.ActiveCfg = Release|Any CPU
		{0A8E4357-221E-45F9-B793-A4519B3B3B38}.Release|Any CPU.Build.0 = Release|Any CPU
		{403B7B36-D600-494F-9EE9-6C832491A97A}.Debug|Any CPU.ActiveCfg = Debug|Any CPU
		{403B7B36-D600-494F-9EE9-6C832491A97A}.Debug|Any CPU.Build.0 = Debug|Any CPU
		{403B7B36-D600-494F-9EE9-6C832491A97A}.Release|Any CPU.ActiveCfg = Release|Any CPU
		{403B7B36-D600-494F-9EE9-6C832491A97A}.Release|Any CPU.Build.0 = Release|Any CPU
	EndGlobalSection
	GlobalSection(SolutionProperties) = preSolution
		HideSolutionNode = FALSE
	EndGlobalSection
	GlobalSection(ExtensibilityGlobals) = postSolution
		SolutionGuid = {F809A431-4128-4C5F-B25E-A735D11C6F48}
	EndGlobalSection
EndGlobal
